
Microsoft Visual Studio Solution File, Format Version 12.00
# Visual Studio Version 17
VisualStudioVersion = 17.0.32014.148
MinimumVisualStudioVersion = 10.0.40219.1
Project("{9A19103F-16F7-4668-BE54-9A1E7A4F7556}") = "LibraryApplication", "LibraryApplication\LibraryApplication.csproj", "{76AC1284-1E85-4860-8437-E32E96D0A28A}"
EndProject
Project("{9A19103F-16F7-4668-BE54-9A1E7A4F7556}") = "Application", "Application\Application.csproj", "{20FB160A-1CCE-4F1F-AEFD-F10499B7790C}"
EndProject
Project("{9A19103F-16F7-4668-BE54-9A1E7A4F7556}") = "Domain", "Domain\Domain.csproj", "{B2713F11-00FD-406C-9887-3589FAB6C844}"
EndProject
Project("{9A19103F-16F7-4668-BE54-9A1E7A4F7556}") = "Infrastructure", "Infrastructure\Infrastructure.csproj", "{0AFE9C52-3AD7-4E2F-BC1C-BCFE3B9903AA}"
EndProject
Project("{2150E333-8FDC-42A3-9474-1A3956D46DE8}") = "test", "test", "{20DC0667-F7B3-48AF-BEBC-26250B3241A5}"
EndProject
Project("{FAE04EC0-301F-11D3-BF4B-00C04F79EFBC}") = "LibrraryApplicationTest", "LibrraryApplicationTest\LibrraryApplicationTest.csproj", "{0DDD6CA1-87C3-4841-8A2F-3D06B3EB096C}"
EndProject
Global
	GlobalSection(SolutionConfigurationPlatforms) = preSolution
		Debug|Any CPU = Debug|Any CPU
		Release|Any CPU = Release|Any CPU
	EndGlobalSection
	GlobalSection(ProjectConfigurationPlatforms) = postSolution
		{76AC1284-1E85-4860-8437-E32E96D0A28A}.Debug|Any CPU.ActiveCfg = Debug|Any CPU
		{76AC1284-1E85-4860-8437-E32E96D0A28A}.Debug|Any CPU.Build.0 = Debug|Any CPU
		{76AC1284-1E85-4860-8437-E32E96D0A28A}.Release|Any CPU.ActiveCfg = Release|Any CPU
		{76AC1284-1E85-4860-8437-E32E96D0A28A}.Release|Any CPU.Build.0 = Release|Any CPU
		{20FB160A-1CCE-4F1F-AEFD-F10499B7790C}.Debug|Any CPU.ActiveCfg = Debug|Any CPU
		{20FB160A-1CCE-4F1F-AEFD-F10499B7790C}.Debug|Any CPU.Build.0 = Debug|Any CPU
		{20FB160A-1CCE-4F1F-AEFD-F10499B7790C}.Release|Any CPU.ActiveCfg = Release|Any CPU
		{20FB160A-1CCE-4F1F-AEFD-F10499B7790C}.Release|Any CPU.Build.0 = Release|Any CPU
		{B2713F11-00FD-406C-9887-3589FAB6C844}.Debug|Any CPU.ActiveCfg = Debug|Any CPU
		{B2713F11-00FD-406C-9887-3589FAB6C844}.Debug|Any CPU.Build.0 = Debug|Any CPU
		{B2713F11-00FD-406C-9887-3589FAB6C844}.Release|Any CPU.ActiveCfg = Release|Any CPU
		{B2713F11-00FD-406C-9887-3589FAB6C844}.Release|Any CPU.Build.0 = Release|Any CPU
		{0AFE9C52-3AD7-4E2F-BC1C-BCFE3B9903AA}.Debug|Any CPU.ActiveCfg = Debug|Any CPU
		{0AFE9C52-3AD7-4E2F-BC1C-BCFE3B9903AA}.Debug|Any CPU.Build.0 = Debug|Any CPU
		{0AFE9C52-3AD7-4E2F-BC1C-BCFE3B9903AA}.Release|Any CPU.ActiveCfg = Release|Any CPU
		{0AFE9C52-3AD7-4E2F-BC1C-BCFE3B9903AA}.Release|Any CPU.Build.0 = Release|Any CPU
		{0DDD6CA1-87C3-4841-8A2F-3D06B3EB096C}.Debug|Any CPU.ActiveCfg = Debug|Any CPU
		{0DDD6CA1-87C3-4841-8A2F-3D06B3EB096C}.Debug|Any CPU.Build.0 = Debug|Any CPU
		{0DDD6CA1-87C3-4841-8A2F-3D06B3EB096C}.Release|Any CPU.ActiveCfg = Release|Any CPU
		{0DDD6CA1-87C3-4841-8A2F-3D06B3EB096C}.Release|Any CPU.Build.0 = Release|Any CPU
	EndGlobalSection
	GlobalSection(SolutionProperties) = preSolution
		HideSolutionNode = FALSE
	EndGlobalSection
	GlobalSection(NestedProjects) = preSolution
		{0DDD6CA1-87C3-4841-8A2F-3D06B3EB096C} = {20DC0667-F7B3-48AF-BEBC-26250B3241A5}
	EndGlobalSection
	GlobalSection(ExtensibilityGlobals) = postSolution
		SolutionGuid = {56D1C174-8B94-47C5-A6FC-CE318FA65AFF}
	EndGlobalSection
EndGlobal
